
Microsoft Visual Studio Solution File, Format Version 12.00
# Visual Studio Version 17
VisualStudioVersion = 17.5.33424.131
MinimumVisualStudioVersion = 10.0.40219.1
Project("{8BC9CEB8-8B4A-11D0-8D11-00A0C91BC942}") = "AwesomeRenderer", "AwesomeRenderer\AwesomeRenderer.vcxproj", "{F7957983-2958-45BF-894B-1D7E1B9D44FC}"
	ProjectSection(ProjectDependencies) = postProject
		{04AE6544-6B15-411F-A18A-96E3B5F1508B} = {04AE6544-6B15-411F-A18A-96E3B5F1508B}
		{6E5E7F6F-DDCE-4D5D-B06B-46DD3D50AE92} = {6E5E7F6F-DDCE-4D5D-B06B-46DD3D50AE92}
		{8E87E62C-4E1B-4A86-874A-57BAE4E5D7FF} = {8E87E62C-4E1B-4A86-874A-57BAE4E5D7FF}
		{A9F5F782-874D-4EE7-AEF8-F45B3FB11A59} = {A9F5F782-874D-4EE7-AEF8-F45B3FB11A59}
		{DEDF32CB-0D19-4C52-ACCF-95AA1F8E1373} = {DEDF32CB-0D19-4C52-ACCF-95AA1F8E1373}
	EndProjectSection
EndProject
Project("{8BC9CEB8-8B4A-11D0-8D11-00A0C91BC942}") = "AweD3D", "AWED3D\AWED3D.vcxproj", "{6E5E7F6F-DDCE-4D5D-B06B-46DD3D50AE92}"
EndProject
Project("{8BC9CEB8-8B4A-11D0-8D11-00A0C91BC942}") = "AwesomeEngineTemplateTester", "AwesomeEngineTemplateTester\AwesomeEngineTemplate.vcxproj", "{89C17CB5-F039-495E-98B9-E5F48C57DC8C}"
	ProjectSection(ProjectDependencies) = postProject
		{04AE6544-6B15-411F-A18A-96E3B5F1508B} = {04AE6544-6B15-411F-A18A-96E3B5F1508B}
		{6E5E7F6F-DDCE-4D5D-B06B-46DD3D50AE92} = {6E5E7F6F-DDCE-4D5D-B06B-46DD3D50AE92}
		{8E87E62C-4E1B-4A86-874A-57BAE4E5D7FF} = {8E87E62C-4E1B-4A86-874A-57BAE4E5D7FF}
		{A9F5F782-874D-4EE7-AEF8-F45B3FB11A59} = {A9F5F782-874D-4EE7-AEF8-F45B3FB11A59}
		{DEDF32CB-0D19-4C52-ACCF-95AA1F8E1373} = {DEDF32CB-0D19-4C52-ACCF-95AA1F8E1373}
		{F7957983-2958-45BF-894B-1D7E1B9D44FC} = {F7957983-2958-45BF-894B-1D7E1B9D44FC}
	EndProjectSection
EndProject
Project("{2150E333-8FDC-42A3-9474-1A3956D46DE8}") = "Rendering", "Rendering", "{F8236985-8195-41A6-8C65-96F236F582E6}"
EndProject
Project("{2150E333-8FDC-42A3-9474-1A3956D46DE8}") = "Math", "Math", "{1F7CF0BC-B272-4462-8D8E-F53456C30723}"
EndProject
Project("{8BC9CEB8-8B4A-11D0-8D11-00A0C91BC942}") = "AwesomeInput", "AwesomeInput\AwesomeInput.vcxproj", "{A9F5F782-874D-4EE7-AEF8-F45B3FB11A59}"
EndProject
Project("{2150E333-8FDC-42A3-9474-1A3956D46DE8}") = "Input", "Input", "{CFC6EE0E-2621-4216-9345-F630F9EB35A6}"
EndProject
Project("{8BC9CEB8-8B4A-11D0-8D11-00A0C91BC942}") = "AweDXInput", "AweDXInput\AweDXInput.vcxproj", "{DEDF32CB-0D19-4C52-ACCF-95AA1F8E1373}"
EndProject
Project("{8BC9CEB8-8B4A-11D0-8D11-00A0C91BC942}") = "AwesomeMath", "AwesomeMath\AwesomeMath.vcxproj", "{8E87E62C-4E1B-4A86-874A-57BAE4E5D7FF}"
EndProject
Project("{2150E333-8FDC-42A3-9474-1A3956D46DE8}") = "Misc", "Misc", "{14A6B621-290C-44B0-B064-EDD79F27EACF}"
EndProject
Project("{8BC9CEB8-8B4A-11D0-8D11-00A0C91BC942}") = "AwesomeGeneral", "AwesomeGeneral\AwesomeGeneral.vcxproj", "{04AE6544-6B15-411F-A18A-96E3B5F1508B}"
EndProject
Project("{8BC9CEB8-8B4A-11D0-8D11-00A0C91BC942}") = "Pillars", "Demos\Pillars\Pillars.vcxproj", "{D2B6522A-79A1-4691-9C17-7E53570D3843}"
	ProjectSection(ProjectDependencies) = postProject
		{04AE6544-6B15-411F-A18A-96E3B5F1508B} = {04AE6544-6B15-411F-A18A-96E3B5F1508B}
		{6E5E7F6F-DDCE-4D5D-B06B-46DD3D50AE92} = {6E5E7F6F-DDCE-4D5D-B06B-46DD3D50AE92}
		{8E87E62C-4E1B-4A86-874A-57BAE4E5D7FF} = {8E87E62C-4E1B-4A86-874A-57BAE4E5D7FF}
		{A9F5F782-874D-4EE7-AEF8-F45B3FB11A59} = {A9F5F782-874D-4EE7-AEF8-F45B3FB11A59}
		{DEDF32CB-0D19-4C52-ACCF-95AA1F8E1373} = {DEDF32CB-0D19-4C52-ACCF-95AA1F8E1373}
		{F7957983-2958-45BF-894B-1D7E1B9D44FC} = {F7957983-2958-45BF-894B-1D7E1B9D44FC}
	EndProjectSection
EndProject
Project("{2150E333-8FDC-42A3-9474-1A3956D46DE8}") = "Demos", "Demos", "{E822E269-13EE-45DA-BFC2-34F64AC9FC37}"
EndProject
Project("{8BC9CEB8-8B4A-11D0-8D11-00A0C91BC942}") = "Waves", "Demos\Waves\Waves.vcxproj", "{1D71510C-1933-410C-8748-363B1E3B6590}"
	ProjectSection(ProjectDependencies) = postProject
		{04AE6544-6B15-411F-A18A-96E3B5F1508B} = {04AE6544-6B15-411F-A18A-96E3B5F1508B}
		{6E5E7F6F-DDCE-4D5D-B06B-46DD3D50AE92} = {6E5E7F6F-DDCE-4D5D-B06B-46DD3D50AE92}
		{8E87E62C-4E1B-4A86-874A-57BAE4E5D7FF} = {8E87E62C-4E1B-4A86-874A-57BAE4E5D7FF}
		{A9F5F782-874D-4EE7-AEF8-F45B3FB11A59} = {A9F5F782-874D-4EE7-AEF8-F45B3FB11A59}
		{DEDF32CB-0D19-4C52-ACCF-95AA1F8E1373} = {DEDF32CB-0D19-4C52-ACCF-95AA1F8E1373}
		{F7957983-2958-45BF-894B-1D7E1B9D44FC} = {F7957983-2958-45BF-894B-1D7E1B9D44FC}
	EndProjectSection
EndProject
Project("{8BC9CEB8-8B4A-11D0-8D11-00A0C91BC942}") = "ClothWaves", "Demos\ClothWaves\ClothWaves.vcxproj", "{F0B91F90-87A8-404F-88D9-A72BA6357299}"
	ProjectSection(ProjectDependencies) = postProject
		{04AE6544-6B15-411F-A18A-96E3B5F1508B} = {04AE6544-6B15-411F-A18A-96E3B5F1508B}
		{6E5E7F6F-DDCE-4D5D-B06B-46DD3D50AE92} = {6E5E7F6F-DDCE-4D5D-B06B-46DD3D50AE92}
		{8E87E62C-4E1B-4A86-874A-57BAE4E5D7FF} = {8E87E62C-4E1B-4A86-874A-57BAE4E5D7FF}
		{A9F5F782-874D-4EE7-AEF8-F45B3FB11A59} = {A9F5F782-874D-4EE7-AEF8-F45B3FB11A59}
		{DEDF32CB-0D19-4C52-ACCF-95AA1F8E1373} = {DEDF32CB-0D19-4C52-ACCF-95AA1F8E1373}
		{F7957983-2958-45BF-894B-1D7E1B9D44FC} = {F7957983-2958-45BF-894B-1D7E1B9D44FC}
	EndProjectSection
EndProject
Project("{8BC9CEB8-8B4A-11D0-8D11-00A0C91BC942}") = "PointLight", "Demos\PointLight\PointLight.vcxproj", "{271762A0-55AE-41B4-BFFE-043A915B0A6A}"
	ProjectSection(ProjectDependencies) = postProject
		{04AE6544-6B15-411F-A18A-96E3B5F1508B} = {04AE6544-6B15-411F-A18A-96E3B5F1508B}
		{6E5E7F6F-DDCE-4D5D-B06B-46DD3D50AE92} = {6E5E7F6F-DDCE-4D5D-B06B-46DD3D50AE92}
		{8E87E62C-4E1B-4A86-874A-57BAE4E5D7FF} = {8E87E62C-4E1B-4A86-874A-57BAE4E5D7FF}
		{A9F5F782-874D-4EE7-AEF8-F45B3FB11A59} = {A9F5F782-874D-4EE7-AEF8-F45B3FB11A59}
		{DEDF32CB-0D19-4C52-ACCF-95AA1F8E1373} = {DEDF32CB-0D19-4C52-ACCF-95AA1F8E1373}
		{F7957983-2958-45BF-894B-1D7E1B9D44FC} = {F7957983-2958-45BF-894B-1D7E1B9D44FC}
	EndProjectSection
EndProject
Global
	GlobalSection(SolutionConfigurationPlatforms) = preSolution
		Debug|x64 = Debug|x64
		Debug|x86 = Debug|x86
		Release|x64 = Release|x64
		Release|x86 = Release|x86
	EndGlobalSection
	GlobalSection(ProjectConfigurationPlatforms) = postSolution
		{F7957983-2958-45BF-894B-1D7E1B9D44FC}.Debug|x64.ActiveCfg = Debug|x64
		{F7957983-2958-45BF-894B-1D7E1B9D44FC}.Debug|x64.Build.0 = Debug|x64
		{F7957983-2958-45BF-894B-1D7E1B9D44FC}.Debug|x86.ActiveCfg = Debug|Win32
		{F7957983-2958-45BF-894B-1D7E1B9D44FC}.Debug|x86.Build.0 = Debug|Win32
		{F7957983-2958-45BF-894B-1D7E1B9D44FC}.Release|x64.ActiveCfg = Release|x64
		{F7957983-2958-45BF-894B-1D7E1B9D44FC}.Release|x64.Build.0 = Release|x64
		{F7957983-2958-45BF-894B-1D7E1B9D44FC}.Release|x86.ActiveCfg = Release|Win32
		{F7957983-2958-45BF-894B-1D7E1B9D44FC}.Release|x86.Build.0 = Release|Win32
		{6E5E7F6F-DDCE-4D5D-B06B-46DD3D50AE92}.Debug|x64.ActiveCfg = Debug|x64
		{6E5E7F6F-DDCE-4D5D-B06B-46DD3D50AE92}.Debug|x64.Build.0 = Debug|x64
		{6E5E7F6F-DDCE-4D5D-B06B-46DD3D50AE92}.Debug|x86.ActiveCfg = Debug|Win32
		{6E5E7F6F-DDCE-4D5D-B06B-46DD3D50AE92}.Debug|x86.Build.0 = Debug|Win32
		{6E5E7F6F-DDCE-4D5D-B06B-46DD3D50AE92}.Release|x64.ActiveCfg = Release|x64
		{6E5E7F6F-DDCE-4D5D-B06B-46DD3D50AE92}.Release|x64.Build.0 = Release|x64
		{6E5E7F6F-DDCE-4D5D-B06B-46DD3D50AE92}.Release|x86.ActiveCfg = Release|Win32
		{6E5E7F6F-DDCE-4D5D-B06B-46DD3D50AE92}.Release|x86.Build.0 = Release|Win32
		{89C17CB5-F039-495E-98B9-E5F48C57DC8C}.Debug|x64.ActiveCfg = Debug|x64
		{89C17CB5-F039-495E-98B9-E5F48C57DC8C}.Debug|x64.Build.0 = Debug|x64
		{89C17CB5-F039-495E-98B9-E5F48C57DC8C}.Debug|x86.ActiveCfg = Debug|Win32
		{89C17CB5-F039-495E-98B9-E5F48C57DC8C}.Debug|x86.Build.0 = Debug|Win32
		{89C17CB5-F039-495E-98B9-E5F48C57DC8C}.Release|x64.ActiveCfg = Release|x64
		{89C17CB5-F039-495E-98B9-E5F48C57DC8C}.Release|x64.Build.0 = Release|x64
		{89C17CB5-F039-495E-98B9-E5F48C57DC8C}.Release|x86.ActiveCfg = Release|Win32
		{89C17CB5-F039-495E-98B9-E5F48C57DC8C}.Release|x86.Build.0 = Release|Win32
		{A9F5F782-874D-4EE7-AEF8-F45B3FB11A59}.Debug|x64.ActiveCfg = Debug|x64
		{A9F5F782-874D-4EE7-AEF8-F45B3FB11A59}.Debug|x64.Build.0 = Debug|x64
		{A9F5F782-874D-4EE7-AEF8-F45B3FB11A59}.Debug|x86.ActiveCfg = Debug|Win32
		{A9F5F782-874D-4EE7-AEF8-F45B3FB11A59}.Debug|x86.Build.0 = Debug|Win32
		{A9F5F782-874D-4EE7-AEF8-F45B3FB11A59}.Release|x64.ActiveCfg = Release|x64
		{A9F5F782-874D-4EE7-AEF8-F45B3FB11A59}.Release|x64.Build.0 = Release|x64
		{A9F5F782-874D-4EE7-AEF8-F45B3FB11A59}.Release|x86.ActiveCfg = Release|Win32
		{A9F5F782-874D-4EE7-AEF8-F45B3FB11A59}.Release|x86.Build.0 = Release|Win32
		{DEDF32CB-0D19-4C52-ACCF-95AA1F8E1373}.Debug|x64.ActiveCfg = Debug|x64
		{DEDF32CB-0D19-4C52-ACCF-95AA1F8E1373}.Debug|x64.Build.0 = Debug|x64
		{DEDF32CB-0D19-4C52-ACCF-95AA1F8E1373}.Debug|x86.ActiveCfg = Debug|Win32
		{DEDF32CB-0D19-4C52-ACCF-95AA1F8E1373}.Debug|x86.Build.0 = Debug|Win32
		{DEDF32CB-0D19-4C52-ACCF-95AA1F8E1373}.Release|x64.ActiveCfg = Release|x64
		{DEDF32CB-0D19-4C52-ACCF-95AA1F8E1373}.Release|x64.Build.0 = Release|x64
		{DEDF32CB-0D19-4C52-ACCF-95AA1F8E1373}.Release|x86.ActiveCfg = Release|Win32
		{DEDF32CB-0D19-4C52-ACCF-95AA1F8E1373}.Release|x86.Build.0 = Release|Win32
		{8E87E62C-4E1B-4A86-874A-57BAE4E5D7FF}.Debug|x64.ActiveCfg = Debug|x64
		{8E87E62C-4E1B-4A86-874A-57BAE4E5D7FF}.Debug|x64.Build.0 = Debug|x64
		{8E87E62C-4E1B-4A86-874A-57BAE4E5D7FF}.Debug|x86.ActiveCfg = Debug|Win32
		{8E87E62C-4E1B-4A86-874A-57BAE4E5D7FF}.Debug|x86.Build.0 = Debug|Win32
		{8E87E62C-4E1B-4A86-874A-57BAE4E5D7FF}.Release|x64.ActiveCfg = Release|x64
		{8E87E62C-4E1B-4A86-874A-57BAE4E5D7FF}.Release|x64.Build.0 = Release|x64
		{8E87E62C-4E1B-4A86-874A-57BAE4E5D7FF}.Release|x86.ActiveCfg = Release|Win32
		{8E87E62C-4E1B-4A86-874A-57BAE4E5D7FF}.Release|x86.Build.0 = Release|Win32
		{04AE6544-6B15-411F-A18A-96E3B5F1508B}.Debug|x64.ActiveCfg = Debug|x64
		{04AE6544-6B15-411F-A18A-96E3B5F1508B}.Debug|x64.Build.0 = Debug|x64
		{04AE6544-6B15-411F-A18A-96E3B5F1508B}.Debug|x86.ActiveCfg = Debug|Win32
		{04AE6544-6B15-411F-A18A-96E3B5F1508B}.Debug|x86.Build.0 = Debug|Win32
		{04AE6544-6B15-411F-A18A-96E3B5F1508B}.Release|x64.ActiveCfg = Release|x64
		{04AE6544-6B15-411F-A18A-96E3B5F1508B}.Release|x64.Build.0 = Release|x64
		{04AE6544-6B15-411F-A18A-96E3B5F1508B}.Release|x86.ActiveCfg = Release|Win32
		{04AE6544-6B15-411F-A18A-96E3B5F1508B}.Release|x86.Build.0 = Release|Win32
		{D2B6522A-79A1-4691-9C17-7E53570D3843}.Debug|x64.ActiveCfg = Debug|x64
		{D2B6522A-79A1-4691-9C17-7E53570D3843}.Debug|x64.Build.0 = Debug|x64
		{D2B6522A-79A1-4691-9C17-7E53570D3843}.Debug|x86.ActiveCfg = Debug|Win32
		{D2B6522A-79A1-4691-9C17-7E53570D3843}.Debug|x86.Build.0 = Debug|Win32
		{D2B6522A-79A1-4691-9C17-7E53570D3843}.Release|x64.ActiveCfg = Release|x64
		{D2B6522A-79A1-4691-9C17-7E53570D3843}.Release|x64.Build.0 = Release|x64
		{D2B6522A-79A1-4691-9C17-7E53570D3843}.Release|x86.ActiveCfg = Release|Win32
		{D2B6522A-79A1-4691-9C17-7E53570D3843}.Release|x86.Build.0 = Release|Win32
		{1D71510C-1933-410C-8748-363B1E3B6590}.Debug|x64.ActiveCfg = Debug|x64
		{1D71510C-1933-410C-8748-363B1E3B6590}.Debug|x64.Build.0 = Debug|x64
		{1D71510C-1933-410C-8748-363B1E3B6590}.Debug|x86.ActiveCfg = Debug|Win32
		{1D71510C-1933-410C-8748-363B1E3B6590}.Debug|x86.Build.0 = Debug|Win32
		{1D71510C-1933-410C-8748-363B1E3B6590}.Release|x64.ActiveCfg = Release|x64
		{1D71510C-1933-410C-8748-363B1E3B6590}.Release|x64.Build.0 = Release|x64
		{1D71510C-1933-410C-8748-363B1E3B6590}.Release|x86.ActiveCfg = Release|Win32
		{1D71510C-1933-410C-8748-363B1E3B6590}.Release|x86.Build.0 = Release|Win32
		{F0B91F90-87A8-404F-88D9-A72BA6357299}.Debug|x64.ActiveCfg = Debug|x64
		{F0B91F90-87A8-404F-88D9-A72BA6357299}.Debug|x64.Build.0 = Debug|x64
		{F0B91F90-87A8-404F-88D9-A72BA6357299}.Debug|x86.ActiveCfg = Debug|Win32
		{F0B91F90-87A8-404F-88D9-A72BA6357299}.Debug|x86.Build.0 = Debug|Win32
		{F0B91F90-87A8-404F-88D9-A72BA6357299}.Release|x64.ActiveCfg = Release|x64
		{F0B91F90-87A8-404F-88D9-A72BA6357299}.Release|x64.Build.0 = Release|x64
		{F0B91F90-87A8-404F-88D9-A72BA6357299}.Release|x86.ActiveCfg = Release|Win32
		{F0B91F90-87A8-404F-88D9-A72BA6357299}.Release|x86.Build.0 = Release|Win32
		{271762A0-55AE-41B4-BFFE-043A915B0A6A}.Debug|x64.ActiveCfg = Debug|x64
		{271762A0-55AE-41B4-BFFE-043A915B0A6A}.Debug|x64.Build.0 = Debug|x64
		{271762A0-55AE-41B4-BFFE-043A915B0A6A}.Debug|x86.ActiveCfg = Debug|Win32
		{271762A0-55AE-41B4-BFFE-043A915B0A6A}.Debug|x86.Build.0 = Debug|Win32
		{271762A0-55AE-41B4-BFFE-043A915B0A6A}.Release|x64.ActiveCfg = Release|x64
		{271762A0-55AE-41B4-BFFE-043A915B0A6A}.Release|x64.Build.0 = Release|x64
		{271762A0-55AE-41B4-BFFE-043A915B0A6A}.Release|x86.ActiveCfg = Release|Win32
		{271762A0-55AE-41B4-BFFE-043A915B0A6A}.Release|x86.Build.0 = Release|Win32
	EndGlobalSection
	GlobalSection(SolutionProperties) = preSolution
		HideSolutionNode = FALSE
	EndGlobalSection
	GlobalSection(NestedProjects) = preSolution
		{F7957983-2958-45BF-894B-1D7E1B9D44FC} = {F8236985-8195-41A6-8C65-96F236F582E6}
		{6E5E7F6F-DDCE-4D5D-B06B-46DD3D50AE92} = {F8236985-8195-41A6-8C65-96F236F582E6}
		{89C17CB5-F039-495E-98B9-E5F48C57DC8C} = {E822E269-13EE-45DA-BFC2-34F64AC9FC37}
		{A9F5F782-874D-4EE7-AEF8-F45B3FB11A59} = {CFC6EE0E-2621-4216-9345-F630F9EB35A6}
		{DEDF32CB-0D19-4C52-ACCF-95AA1F8E1373} = {CFC6EE0E-2621-4216-9345-F630F9EB35A6}
		{8E87E62C-4E1B-4A86-874A-57BAE4E5D7FF} = {1F7CF0BC-B272-4462-8D8E-F53456C30723}
		{04AE6544-6B15-411F-A18A-96E3B5F1508B} = {14A6B621-290C-44B0-B064-EDD79F27EACF}
		{D2B6522A-79A1-4691-9C17-7E53570D3843} = {E822E269-13EE-45DA-BFC2-34F64AC9FC37}
		{1D71510C-1933-410C-8748-363B1E3B6590} = {E822E269-13EE-45DA-BFC2-34F64AC9FC37}
		{F0B91F90-87A8-404F-88D9-A72BA6357299} = {E822E269-13EE-45DA-BFC2-34F64AC9FC37}
		{271762A0-55AE-41B4-BFFE-043A915B0A6A} = {E822E269-13EE-45DA-BFC2-34F64AC9FC37}
	EndGlobalSection
	GlobalSection(ExtensibilityGlobals) = postSolution
		SolutionGuid = {937267EE-9BDD-4DD2-A514-AEB456183571}
	EndGlobalSection
EndGlobal
