<?xml version="1.0" encoding="utf-8"?>
<Project ToolsVersion="4.0" xmlns="http://schemas.microsoft.com/developer/msbuild/2003">
  <ItemGroup>
    <Filter Include="Source Files">
      <UniqueIdentifier>{4FC737F1-C7A5-4376-A066-2A32D752A2FF}</UniqueIdentifier>
      <Extensions>cpp;c;cc;cxx;c++;cppm;ixx;def;odl;idl;hpj;bat;asm;asmx</Extensions>
    </Filter>
    <Filter Include="Header Files">
      <UniqueIdentifier>{93995380-89BD-4b04-88EB-625FBE52EBFB}</UniqueIdentifier>
      <Extensions>h;hh;hpp;hxx;h++;hm;inl;inc;ipp;xsd</Extensions>
    </Filter>
    <Filter Include="Resource Files">
      <UniqueIdentifier>{67DA6AB6-F800-4c08-8B7A-83BB121AAD01}</UniqueIdentifier>
      <Extensions>rc;ico;cur;bmp;dlg;rc2;rct;bin;rgs;gif;jpg;jpeg;jpe;resx;tiff;tif;png;wav;mfcribbon-ms</Extensions>
    </Filter>
    <Filter Include="Header Files\Timer">
      <UniqueIdentifier>{8883f7c9-64a2-4d27-b5fa-6b2f1d35b191}</UniqueIdentifier>
    </Filter>
    <Filter Include="Header Files\Camera">
      <UniqueIdentifier>{7a46a500-b775-4642-9325-c7a6eb537067}</UniqueIdentifier>
    </Filter>
    <Filter Include="Header Files\Animation">
      <UniqueIdentifier>{d25a0c8d-a554-495f-9b6b-723fe292a85c}</UniqueIdentifier>
    </Filter>
    <Filter Include="Source Files\Animation">
      <UniqueIdentifier>{2ab941dd-3867-4396-b046-98a60c0bee8c}</UniqueIdentifier>
    </Filter>
    <Filter Include="Source Files\Camera">
      <UniqueIdentifier>{ea51cf61-c4a8-43b5-814a-950acdd8f49b}</UniqueIdentifier>
    </Filter>
    <Filter Include="Source Files\Timer">
      <UniqueIdentifier>{b6e914d4-176c-4db4-af3e-1f0aab860906}</UniqueIdentifier>
    </Filter>
    <Filter Include="Header Files\OBJLoader">
      <UniqueIdentifier>{22543c78-52da-4411-8503-7d094bb4ea0b}</UniqueIdentifier>
    </Filter>
    <Filter Include="Source Files\OBJLoader">
      <UniqueIdentifier>{a968df56-6385-414c-9292-dfab97d69d8f}</UniqueIdentifier>
    </Filter>
    <Filter Include="Header Files\GeometryGen">
      <UniqueIdentifier>{725b933b-3b34-4463-9fc9-11cfc8875d2d}</UniqueIdentifier>
    </Filter>
    <Filter Include="Source Files\GeometryGen">
      <UniqueIdentifier>{0f63e47e-1573-47d6-9261-30fe87140976}</UniqueIdentifier>
    </Filter>
  </ItemGroup>
  <ItemGroup>
    <ClInclude Include="AwesomeFreeCam.h">
      <Filter>Header Files\Camera</Filter>
    </ClInclude>
    <ClInclude Include="AwesomeBaseCam.h">
      <Filter>Header Files\Camera</Filter>
    </ClInclude>
    <ClInclude Include="AwesomeFirstPersonCam.h">
      <Filter>Header Files\Camera</Filter>
    </ClInclude>
    <ClInclude Include="AwesomeTimer.h">
      <Filter>Header Files\Timer</Filter>
    </ClInclude>
    <ClInclude Include="AwesomeBaseAnimation.h">
      <Filter>Header Files\Animation</Filter>
    </ClInclude>
    <ClInclude Include="AwesomeGeneral.h">
      <Filter>Header Files</Filter>
    </ClInclude>
    <ClInclude Include="AwesomeLinearInterpolation.h">
      <Filter>Header Files\Animation</Filter>
    </ClInclude>
    <ClInclude Include="AwesomeOBJLoader.h">
      <Filter>Header Files\OBJLoader</Filter>
    </ClInclude>
    <ClInclude Include="AwesomeUtility.h">
      <Filter>Header Files</Filter>
    </ClInclude>
    <ClInclude Include="AwesomeGeometryGenerator.h">
      <Filter>Header Files\GeometryGen</Filter>
    </ClInclude>
  </ItemGroup>
  <ItemGroup>
    <ClCompile Include="AwesomeTimer.cpp">
      <Filter>Source Files\Timer</Filter>
    </ClCompile>
    <ClCompile Include="AwesomeBaseCam.cpp">
      <Filter>Source Files\Camera</Filter>
    </ClCompile>
    <ClCompile Include="AwesomeFirstPersonCam.cpp">
      <Filter>Source Files\Camera</Filter>
    </ClCompile>
    <ClCompile Include="AwesomeFreeCam.cpp">
      <Filter>Source Files\Camera</Filter>
    </ClCompile>
    <ClCompile Include="AwesomeBaseAnimation.cpp">
      <Filter>Source Files\Animation</Filter>
    </ClCompile>
    <ClCompile Include="AwesomeLinearInterpolation.cpp">
      <Filter>Source Files\Animation</Filter>
    </ClCompile>
    <ClCompile Include="AwesomeOBJLoader.cpp">
      <Filter>Source Files\OBJLoader</Filter>
    </ClCompile>
    <ClCompile Include="AwesomeGeometryGenerator.cpp">
      <Filter>Source Files\GeometryGen</Filter>
    </ClCompile>
  </ItemGroup>
</Project>